
Microsoft Visual Studio Solution File, Format Version 12.00
# Visual Studio Version 17
VisualStudioVersion = 17.14.36310.24
MinimumVisualStudioVersion = 10.0.40219.1
Project("{FAE04EC0-301F-11D3-BF4B-00C04F79EFBC}") = "StudentLabGradeSheet", "StudentLabGradeSheet.csproj", "{8B47C9D1-C329-49B2-AC44-27A672F60C0F}"
EndProject
Project("{54435603-DBB4-11D2-8724-00A0C9A8B90C}") = "StudentLabGradeSheetSetup", "..\StudentLabGradeSheetSetup\StudentLabGradeSheetSetup.vdproj", "{1783DFF7-E98D-054C-6E1D-F9BF90E81498}"
EndProject
Global
	GlobalSection(SolutionConfigurationPlatforms) = preSolution
		Debug|Any CPU = Debug|Any CPU
		Release|Any CPU = Release|Any CPU
	EndGlobalSection
	GlobalSection(ProjectConfigurationPlatforms) = postSolution
		{8B47C9D1-C329-49B2-AC44-27A672F60C0F}.Debug|Any CPU.ActiveCfg = Debug|Any CPU
		{8B47C9D1-C329-49B2-AC44-27A672F60C0F}.Debug|Any CPU.Build.0 = Debug|Any CPU
		{8B47C9D1-C329-49B2-AC44-27A672F60C0F}.Release|Any CPU.ActiveCfg = Release|Any CPU
		{8B47C9D1-C329-49B2-AC44-27A672F60C0F}.Release|Any CPU.Build.0 = Release|Any CPU
		{1783DFF7-E98D-054C-6E1D-F9BF90E81498}.Debug|Any CPU.ActiveCfg = Debug
		{1783DFF7-E98D-054C-6E1D-F9BF90E81498}.Release|Any CPU.ActiveCfg = Release
	EndGlobalSection
	GlobalSection(SolutionProperties) = preSolution
		HideSolutionNode = FALSE
	EndGlobalSection
	GlobalSection(ExtensibilityGlobals) = postSolution
		SolutionGuid = {D09AFCC6-CC31-41AC-ACDC-EAFB470544F7}
	EndGlobalSection
EndGlobal
